
Microsoft Visual Studio Solution File, Format Version 12.00
# Visual Studio Version 17
VisualStudioVersion = 17.7.34024.191
MinimumVisualStudioVersion = 10.0.40219.1
Project("{FAE04EC0-301F-11D3-BF4B-00C04F79EFBC}") = "GroupProject", "GroupProject\GroupProject.csproj", "{D246FF42-CF73-4744-9726-B1E84433905C}"
EndProject
Global
	GlobalSection(SolutionConfigurationPlatforms) = preSolution
		Debug|Any CPU = Debug|Any CPU
		Release|Any CPU = Release|Any CPU
	EndGlobalSection
	GlobalSection(ProjectConfigurationPlatforms) = postSolution
		{D246FF42-CF73-4744-9726-B1E84433905C}.Debug|Any CPU.ActiveCfg = Debug|Any CPU
		{D246FF42-CF73-4744-9726-B1E84433905C}.Debug|Any CPU.Build.0 = Debug|Any CPU
		{D246FF42-CF73-4744-9726-B1E84433905C}.Release|Any CPU.ActiveCfg = Release|Any CPU
		{D246FF42-CF73-4744-9726-B1E84433905C}.Release|Any CPU.Build.0 = Release|Any CPU
	EndGlobalSection
	GlobalSection(SolutionProperties) = preSolution
		HideSolutionNode = FALSE
	EndGlobalSection
	GlobalSection(ExtensibilityGlobals) = postSolution
		SolutionGuid = {93470A96-AB28-4910-8979-C62351E9ABE2}
	EndGlobalSection
EndGlobal
